
Microsoft Visual Studio Solution File, Format Version 12.00
# Visual Studio Version 16
VisualStudioVersion = 16.0.29025.244
MinimumVisualStudioVersion = 10.0.40219.1
Project("{FAE04EC0-301F-11D3-BF4B-00C04F79EFBC}") = "Naos.FileJanitor.Test", "Naos.FileJanitor.Test\Naos.FileJanitor.Test.csproj", "{BAF88789-58CD-44B8-B642-0919CE05F760}"
EndProject
Project("{FAE04EC0-301F-11D3-BF4B-00C04F79EFBC}") = "Naos.FileJanitor.Domain", "Naos.FileJanitor.Domain\Naos.FileJanitor.Domain.csproj", "{54DC2338-D49F-4C72-A2CD-EABC6BE678AD}"
EndProject
Project("{2150E333-8FDC-42A3-9474-1A3956D46DE8}") = "Solution Items", "Solution Items", "{E1514A83-8845-4A96-880F-C99C21220FCF}"
	ProjectSection(SolutionItems) = preProject
		.gitattributes = .gitattributes
		.gitignore = .gitignore
		LICENSE = LICENSE
		Naos.FileJanitor.sln.DotSettings = Naos.FileJanitor.sln.DotSettings
		README.md = README.md
		RepoConfig.state = RepoConfig.state
	EndProjectSection
EndProject
Project("{FAE04EC0-301F-11D3-BF4B-00C04F79EFBC}") = "Naos.FileJanitor.S3", "Naos.FileJanitor.S3\Naos.FileJanitor.S3.csproj", "{24A5040F-62A9-45D0-85E6-818FD8AB4F74}"
EndProject
Project("{FAE04EC0-301F-11D3-BF4B-00C04F79EFBC}") = "Naos.FileJanitor.Serialization.Json", "Naos.FileJanitor.Serialization.Json\Naos.FileJanitor.Serialization.Json.csproj", "{C1F8D84D-9891-4DFA-932B-82D9E79A1A62}"
EndProject
Project("{FAE04EC0-301F-11D3-BF4B-00C04F79EFBC}") = "Naos.FileJanitor.Serialization.Bson", "Naos.FileJanitor.Serialization.Bson\Naos.FileJanitor.Serialization.Bson.csproj", "{2993B5C3-5781-428A-9C20-23B1BE6B104D}"
EndProject
Global
	GlobalSection(SolutionConfigurationPlatforms) = preSolution
		Debug|Any CPU = Debug|Any CPU
		Release|Any CPU = Release|Any CPU
	EndGlobalSection
	GlobalSection(ProjectConfigurationPlatforms) = postSolution
		{BAF88789-58CD-44B8-B642-0919CE05F760}.Debug|Any CPU.ActiveCfg = Debug|Any CPU
		{BAF88789-58CD-44B8-B642-0919CE05F760}.Debug|Any CPU.Build.0 = Debug|Any CPU
		{BAF88789-58CD-44B8-B642-0919CE05F760}.Release|Any CPU.ActiveCfg = Release|Any CPU
		{BAF88789-58CD-44B8-B642-0919CE05F760}.Release|Any CPU.Build.0 = Release|Any CPU
		{54DC2338-D49F-4C72-A2CD-EABC6BE678AD}.Debug|Any CPU.ActiveCfg = Debug|Any CPU
		{54DC2338-D49F-4C72-A2CD-EABC6BE678AD}.Debug|Any CPU.Build.0 = Debug|Any CPU
		{54DC2338-D49F-4C72-A2CD-EABC6BE678AD}.Release|Any CPU.ActiveCfg = Release|Any CPU
		{54DC2338-D49F-4C72-A2CD-EABC6BE678AD}.Release|Any CPU.Build.0 = Release|Any CPU
		{24A5040F-62A9-45D0-85E6-818FD8AB4F74}.Debug|Any CPU.ActiveCfg = Debug|Any CPU
		{24A5040F-62A9-45D0-85E6-818FD8AB4F74}.Debug|Any CPU.Build.0 = Debug|Any CPU
		{24A5040F-62A9-45D0-85E6-818FD8AB4F74}.Release|Any CPU.ActiveCfg = Release|Any CPU
		{24A5040F-62A9-45D0-85E6-818FD8AB4F74}.Release|Any CPU.Build.0 = Release|Any CPU
		{C1F8D84D-9891-4DFA-932B-82D9E79A1A62}.Debug|Any CPU.ActiveCfg = Debug|Any CPU
		{C1F8D84D-9891-4DFA-932B-82D9E79A1A62}.Debug|Any CPU.Build.0 = Debug|Any CPU
		{C1F8D84D-9891-4DFA-932B-82D9E79A1A62}.Release|Any CPU.ActiveCfg = Release|Any CPU
		{C1F8D84D-9891-4DFA-932B-82D9E79A1A62}.Release|Any CPU.Build.0 = Release|Any CPU
		{2993B5C3-5781-428A-9C20-23B1BE6B104D}.Debug|Any CPU.ActiveCfg = Debug|Any CPU
		{2993B5C3-5781-428A-9C20-23B1BE6B104D}.Debug|Any CPU.Build.0 = Debug|Any CPU
		{2993B5C3-5781-428A-9C20-23B1BE6B104D}.Release|Any CPU.ActiveCfg = Release|Any CPU
		{2993B5C3-5781-428A-9C20-23B1BE6B104D}.Release|Any CPU.Build.0 = Release|Any CPU
	EndGlobalSection
	GlobalSection(SolutionProperties) = preSolution
		HideSolutionNode = FALSE
	EndGlobalSection
	GlobalSection(ExtensibilityGlobals) = postSolution
		SolutionGuid = {38754702-A76E-4B90-81B3-C0B5EA8B761B}
	EndGlobalSection
EndGlobal
